
Microsoft Visual Studio Solution File, Format Version 12.00
# Visual Studio Version 17
VisualStudioVersion = 17.8.34525.116
MinimumVisualStudioVersion = 10.0.40219.1
Project("{FAE04EC0-301F-11D3-BF4B-00C04F79EFBC}") = "TodoApp", "TodoApp\TodoApp.csproj", "{37353E23-604A-4F48-8BBF-585A02C218D4}"
EndProject
Global
	GlobalSection(SolutionConfigurationPlatforms) = preSolution
		Debug|Any CPU = Debug|Any CPU
		Release|Any CPU = Release|Any CPU
	EndGlobalSection
	GlobalSection(ProjectConfigurationPlatforms) = postSolution
		{37353E23-604A-4F48-8BBF-585A02C218D4}.Debug|Any CPU.ActiveCfg = Debug|Any CPU
		{37353E23-604A-4F48-8BBF-585A02C218D4}.Debug|Any CPU.Build.0 = Debug|Any CPU
		{37353E23-604A-4F48-8BBF-585A02C218D4}.Release|Any CPU.ActiveCfg = Release|Any CPU
		{37353E23-604A-4F48-8BBF-585A02C218D4}.Release|Any CPU.Build.0 = Release|Any CPU
	EndGlobalSection
	GlobalSection(SolutionProperties) = preSolution
		HideSolutionNode = FALSE
	EndGlobalSection
	GlobalSection(ExtensibilityGlobals) = postSolution
		SolutionGuid = {21B546D0-50E3-4DBB-A917-225A1C9C0947}
	EndGlobalSection
EndGlobal
